
Microsoft Visual Studio Solution File, Format Version 12.00
# Visual Studio Version 17
VisualStudioVersion = 17.9.34310.174
MinimumVisualStudioVersion = 10.0.40219.1
Project("{9A19103F-16F7-4668-BE54-9A1E7A4F7556}") = "BlazorWasmServer", "BlazorWasmServer\BlazorWasmServer\BlazorWasmServer.csproj", "{A2BFB0CA-9730-4056-8D06-E4D0B3B17389}"
EndProject
Project("{9A19103F-16F7-4668-BE54-9A1E7A4F7556}") = "BlazorWasmServer.Client", "BlazorWasmServer\BlazorWasmServer.Client\BlazorWasmServer.Client.csproj", "{3E5BF228-4426-4B53-A8F2-DEE1B849E7FB}"
EndProject
Project("{9A19103F-16F7-4668-BE54-9A1E7A4F7556}") = "BlazorWasmServer.Shared", "BlazorWasmServer.Shared\BlazorWasmServer.Shared.csproj", "{B8E00A8F-E624-427A-B7D0-5895E0C00542}"
EndProject
Global
	GlobalSection(SolutionConfigurationPlatforms) = preSolution
		Debug|Any CPU = Debug|Any CPU
		Release|Any CPU = Release|Any CPU
	EndGlobalSection
	GlobalSection(ProjectConfigurationPlatforms) = postSolution
		{A2BFB0CA-9730-4056-8D06-E4D0B3B17389}.Debug|Any CPU.ActiveCfg = Debug|Any CPU
		{A2BFB0CA-9730-4056-8D06-E4D0B3B17389}.Debug|Any CPU.Build.0 = Debug|Any CPU
		{A2BFB0CA-9730-4056-8D06-E4D0B3B17389}.Release|Any CPU.ActiveCfg = Release|Any CPU
		{A2BFB0CA-9730-4056-8D06-E4D0B3B17389}.Release|Any CPU.Build.0 = Release|Any CPU
		{3E5BF228-4426-4B53-A8F2-DEE1B849E7FB}.Debug|Any CPU.ActiveCfg = Debug|Any CPU
		{3E5BF228-4426-4B53-A8F2-DEE1B849E7FB}.Debug|Any CPU.Build.0 = Debug|Any CPU
		{3E5BF228-4426-4B53-A8F2-DEE1B849E7FB}.Release|Any CPU.ActiveCfg = Release|Any CPU
		{3E5BF228-4426-4B53-A8F2-DEE1B849E7FB}.Release|Any CPU.Build.0 = Release|Any CPU
		{B8E00A8F-E624-427A-B7D0-5895E0C00542}.Debug|Any CPU.ActiveCfg = Debug|Any CPU
		{B8E00A8F-E624-427A-B7D0-5895E0C00542}.Debug|Any CPU.Build.0 = Debug|Any CPU
		{B8E00A8F-E624-427A-B7D0-5895E0C00542}.Release|Any CPU.ActiveCfg = Release|Any CPU
		{B8E00A8F-E624-427A-B7D0-5895E0C00542}.Release|Any CPU.Build.0 = Release|Any CPU
	EndGlobalSection
	GlobalSection(SolutionProperties) = preSolution
		HideSolutionNode = FALSE
	EndGlobalSection
	GlobalSection(ExtensibilityGlobals) = postSolution
		SolutionGuid = {3F4B25B1-756D-417D-AE51-FF440E2694CD}
	EndGlobalSection
EndGlobal
